
Microsoft Visual Studio Solution File, Format Version 12.00
# Visual Studio Version 17
VisualStudioVersion = 17.7.34024.191
MinimumVisualStudioVersion = 10.0.40219.1
Project("{9A19103F-16F7-4668-BE54-9A1E7A4F7556}") = "ProjetoCleanArchiteture.Domain", "ProjetoCleanArchiteture.Domain\ProjetoCleanArchiteture.Domain.csproj", "{9EA22291-D0CF-43CF-B8B0-3C2C402AC689}"
EndProject
Project("{9A19103F-16F7-4668-BE54-9A1E7A4F7556}") = "ProjetoCleanArchiteture.Infra.Data", "ProjetoCleanArchiteture.Infra.Data\ProjetoCleanArchiteture.Infra.Data.csproj", "{FEE44B34-9CD7-4E50-9522-F1A0847EFBFD}"
EndProject
Project("{9A19103F-16F7-4668-BE54-9A1E7A4F7556}") = "ProjetoCleanArchiteture.Infra.Ioc", "ProjetoCleanArchiteture.Infra.Ioc\ProjetoCleanArchiteture.Infra.Ioc.csproj", "{97E43B8F-20D7-4196-9D13-ED229A7F67ED}"
EndProject
Project("{9A19103F-16F7-4668-BE54-9A1E7A4F7556}") = "ProjetoCleanArchiteture.Application", "ProjetoCleanArchiteture.Application\ProjetoCleanArchiteture.Application.csproj", "{80C098CF-D840-4141-9119-21C28D96193C}"
EndProject
Project("{9A19103F-16F7-4668-BE54-9A1E7A4F7556}") = "ProjetoCleanArchiteture.MVC", "ProjetoCleanArchiteture.MVC\ProjetoCleanArchiteture.MVC.csproj", "{326A334C-BBA1-41F2-99A6-889268EF1C43}"
EndProject
Global
	GlobalSection(SolutionConfigurationPlatforms) = preSolution
		Debug|Any CPU = Debug|Any CPU
		Release|Any CPU = Release|Any CPU
	EndGlobalSection
	GlobalSection(ProjectConfigurationPlatforms) = postSolution
		{9EA22291-D0CF-43CF-B8B0-3C2C402AC689}.Debug|Any CPU.ActiveCfg = Debug|Any CPU
		{9EA22291-D0CF-43CF-B8B0-3C2C402AC689}.Debug|Any CPU.Build.0 = Debug|Any CPU
		{9EA22291-D0CF-43CF-B8B0-3C2C402AC689}.Release|Any CPU.ActiveCfg = Release|Any CPU
		{9EA22291-D0CF-43CF-B8B0-3C2C402AC689}.Release|Any CPU.Build.0 = Release|Any CPU
		{FEE44B34-9CD7-4E50-9522-F1A0847EFBFD}.Debug|Any CPU.ActiveCfg = Debug|Any CPU
		{FEE44B34-9CD7-4E50-9522-F1A0847EFBFD}.Debug|Any CPU.Build.0 = Debug|Any CPU
		{FEE44B34-9CD7-4E50-9522-F1A0847EFBFD}.Release|Any CPU.ActiveCfg = Release|Any CPU
		{FEE44B34-9CD7-4E50-9522-F1A0847EFBFD}.Release|Any CPU.Build.0 = Release|Any CPU
		{97E43B8F-20D7-4196-9D13-ED229A7F67ED}.Debug|Any CPU.ActiveCfg = Debug|Any CPU
		{97E43B8F-20D7-4196-9D13-ED229A7F67ED}.Debug|Any CPU.Build.0 = Debug|Any CPU
		{97E43B8F-20D7-4196-9D13-ED229A7F67ED}.Release|Any CPU.ActiveCfg = Release|Any CPU
		{97E43B8F-20D7-4196-9D13-ED229A7F67ED}.Release|Any CPU.Build.0 = Release|Any CPU
		{80C098CF-D840-4141-9119-21C28D96193C}.Debug|Any CPU.ActiveCfg = Debug|Any CPU
		{80C098CF-D840-4141-9119-21C28D96193C}.Debug|Any CPU.Build.0 = Debug|Any CPU
		{80C098CF-D840-4141-9119-21C28D96193C}.Release|Any CPU.ActiveCfg = Release|Any CPU
		{80C098CF-D840-4141-9119-21C28D96193C}.Release|Any CPU.Build.0 = Release|Any CPU
		{326A334C-BBA1-41F2-99A6-889268EF1C43}.Debug|Any CPU.ActiveCfg = Debug|Any CPU
		{326A334C-BBA1-41F2-99A6-889268EF1C43}.Debug|Any CPU.Build.0 = Debug|Any CPU
		{326A334C-BBA1-41F2-99A6-889268EF1C43}.Release|Any CPU.ActiveCfg = Release|Any CPU
		{326A334C-BBA1-41F2-99A6-889268EF1C43}.Release|Any CPU.Build.0 = Release|Any CPU
	EndGlobalSection
	GlobalSection(SolutionProperties) = preSolution
		HideSolutionNode = FALSE
	EndGlobalSection
	GlobalSection(ExtensibilityGlobals) = postSolution
		SolutionGuid = {FC101BE8-0986-43F4-895C-531C981DEA3C}
	EndGlobalSection
EndGlobal
